// !$*UTF8*$!
{
	archiveVersion = 1;
	classes = {
	};
	objectVersion = 46;
	objects = {

/* Begin PBXBuildFile section */
		694117CE1913750F00BB2A7F /* Foundation.framework in Frameworks */ = {isa = PBXBuildFile; fileRef = 694117CD1913750F00BB2A7F /* Foundation.framework */; };
		694117D01913750F00BB2A7F /* CoreGraphics.framework in Frameworks */ = {isa = PBXBuildFile; fileRef = 694117CF1913750F00BB2A7F /* CoreGraphics.framework */; };
		694117D21913750F00BB2A7F /* UIKit.framework in Frameworks */ = {isa = PBXBuildFile; fileRef = 694117D11913750F00BB2A7F /* UIKit.framework */; };
		694117D81913750F00BB2A7F /* InfoPlist.strings in Resources */ = {isa = PBXBuildFile; fileRef = 694117D61913750F00BB2A7F /* InfoPlist.strings */; };
		694117DA1913750F00BB2A7F /* main.m in Sources */ = {isa = PBXBuildFile; fileRef = 694117D91913750F00BB2A7F /* main.m */; };
		694117DE1913750F00BB2A7F /* AppDelegate.m in Sources */ = {isa = PBXBuildFile; fileRef = 694117DD1913750F00BB2A7F /* AppDelegate.m */; };
		694117E11913750F00BB2A7F /* Main.storyboard in Resources */ = {isa = PBXBuildFile; fileRef = 694117DF1913750F00BB2A7F /* Main.storyboard */; };
		694117E41913750F00BB2A7F /* ViewController.m in Sources */ = {isa = PBXBuildFile; fileRef = 694117E31913750F00BB2A7F /* ViewController.m */; };
		694117E61913750F00BB2A7F /* Images.xcassets in Resources */ = {isa = PBXBuildFile; fileRef = 694117E51913750F00BB2A7F /* Images.xcassets */; };
		694117ED1913750F00BB2A7F /* XCTest.framework in Frameworks */ = {isa = PBXBuildFile; fileRef = 694117EC1913750F00BB2A7F /* XCTest.framework */; };
		694117EE1913750F00BB2A7F /* Foundation.framework in Frameworks */ = {isa = PBXBuildFile; fileRef = 694117CD1913750F00BB2A7F /* Foundation.framework */; };
		694117EF1913750F00BB2A7F /* UIKit.framework in Frameworks */ = {isa = PBXBuildFile; fileRef = 694117D11913750F00BB2A7F /* UIKit.framework */; };
		694117F71913750F00BB2A7F /* InfoPlist.strings in Resources */ = {isa = PBXBuildFile; fileRef = 694117F51913750F00BB2A7F /* InfoPlist.strings */; };
		694117F91913750F00BB2A7F /* ToggleAirplaneTests.m in Sources */ = {isa = PBXBuildFile; fileRef = 694117F81913750F00BB2A7F /* ToggleAirplaneTests.m */; };
/* End PBXBuildFile section */

/* Begin PBXContainerItemProxy section */
		694117F01913750F00BB2A7F /* PBXContainerItemProxy */ = {
			isa = PBXContainerItemProxy;
			containerPortal = 694117C21913750F00BB2A7F /* Project object */;
			proxyType = 1;
			remoteGlobalIDString = 694117C91913750F00BB2A7F;
			remoteInfo = ToggleAirplane;
		};
/* End PBXContainerItemProxy section */

/* Begin PBXFileReference section */
		694117CA1913750F00BB2A7F /* ToggleAirplane.app */ = {isa = PBXFileReference; explicitFileType = wrapper.application; includeInIndex = 0; path = ToggleAirplane.app; sourceTree = BUILT_PRODUCTS_DIR; };
		694117CD1913750F00BB2A7F /* Foundation.framework */ = {isa = PBXFileReference; lastKnownFileType = wrapper.framework; name = Foundation.framework; path = System/Library/Frameworks/Foundation.framework; sourceTree = SDKROOT; };
		694117CF1913750F00BB2A7F /* CoreGraphics.framework */ = {isa = PBXFileReference; lastKnownFileType = wrapper.framework; name = CoreGraphics.framework; path = System/Library/Frameworks/CoreGraphics.framework; sourceTree = SDKROOT; };
		694117D11913750F00BB2A7F /* UIKit.framework */ = {isa = PBXFileReference; lastKnownFileType = wrapper.framework; name = UIKit.framework; path = System/Library/Frameworks/UIKit.framework; sourceTree = SDKROOT; };
		694117D51913750F00BB2A7F /* ToggleAirplane-Info.plist */ = {isa = PBXFileReference; lastKnownFileType = text.plist.xml; path = "ToggleAirplane-Info.plist"; sourceTree = "<group>"; };
		694117D71913750F00BB2A7F /* en */ = {isa = PBXFileReference; lastKnownFileType = text.plist.strings; name = en; path = en.lproj/InfoPlist.strings; sourceTree = "<group>"; };
		694117D91913750F00BB2A7F /* main.m */ = {isa = PBXFileReference; lastKnownFileType = sourcecode.c.objc; path = main.m; sourceTree = "<group>"; };
		694117DB1913750F00BB2A7F /* ToggleAirplane-Prefix.pch */ = {isa = PBXFileReference; lastKnownFileType = sourcecode.c.h; path = "ToggleAirplane-Prefix.pch"; sourceTree = "<group>"; };
		694117DC1913750F00BB2A7F /* AppDelegate.h */ = {isa = PBXFileReference; lastKnownFileType = sourcecode.c.h; path = AppDelegate.h; sourceTree = "<group>"; };
		694117DD1913750F00BB2A7F /* AppDelegate.m */ = {isa = PBXFileReference; lastKnownFileType = sourcecode.c.objc; path = AppDelegate.m; sourceTree = "<group>"; };
		694117E01913750F00BB2A7F /* Base */ = {isa = PBXFileReference; lastKnownFileType = file.storyboard; name = Base; path = Base.lproj/Main.storyboard; sourceTree = "<group>"; };
		694117E21913750F00BB2A7F /* ViewController.h */ = {isa = PBXFileReference; lastKnownFileType = sourcecode.c.h; path = ViewController.h; sourceTree = "<group>"; };
		694117E31913750F00BB2A7F /* ViewController.m */ = {isa = PBXFileReference; lastKnownFileType = sourcecode.c.objc; path = ViewController.m; sourceTree = "<group>"; };
		694117E51913750F00BB2A7F /* Images.xcassets */ = {isa = PBXFileReference; lastKnownFileType = folder.assetcatalog; path = Images.xcassets; sourceTree = "<group>"; };
		694117EB1913750F00BB2A7F /* ToggleAirplaneTests.xctest */ = {isa = PBXFileReference; explicitFileType = wrapper.cfbundle; includeInIndex = 0; path = ToggleAirplaneTests.xctest; sourceTree = BUILT_PRODUCTS_DIR; };
		694117EC1913750F00BB2A7F /* XCTest.framework */ = {isa = PBXFileReference; lastKnownFileType = wrapper.framework; name = XCTest.framework; path = Library/Frameworks/XCTest.framework; sourceTree = DEVELOPER_DIR; };
		694117F41913750F00BB2A7F /* ToggleAirplaneTests-Info.plist */ = {isa = PBXFileReference; lastKnownFileType = text.plist.xml; path = "ToggleAirplaneTests-Info.plist"; sourceTree = "<group>"; };
		694117F61913750F00BB2A7F /* en */ = {isa = PBXFileReference; lastKnownFileType = text.plist.strings; name = en; path = en.lproj/InfoPlist.strings; sourceTree = "<group>"; };
		694117F81913750F00BB2A7F /* ToggleAirplaneTests.m */ = {isa = PBXFileReference; lastKnownFileType = sourcecode.c.objc; path = ToggleAirplaneTests.m; sourceTree = "<group>"; };
/* End PBXFileReference section */

/* Begin PBXFrameworksBuildPhase section */
		694117C71913750F00BB2A7F /* Frameworks */ = {
			isa = PBXFrameworksBuildPhase;
			buildActionMask = 2147483647;
			files = (
				694117D01913750F00BB2A7F /* CoreGraphics.framework in Frameworks */,
				694117D21913750F00BB2A7F /* UIKit.framework in Frameworks */,
				694117CE1913750F00BB2A7F /* Foundation.framework in Frameworks */,
			);
			runOnlyForDeploymentPostprocessing = 0;
		};
		694117E81913750F00BB2A7F /* Frameworks */ = {
			isa = PBXFrameworksBuildPhase;
			buildActionMask = 2147483647;
			files = (
				694117ED1913750F00BB2A7F /* XCTest.framework in Frameworks */,
				694117EF1913750F00BB2A7F /* UIKit.framework in Frameworks */,
				694117EE1913750F00BB2A7F /* Foundation.framework in Frameworks */,
			);
			runOnlyForDeploymentPostprocessing = 0;
		};
/* End PBXFrameworksBuildPhase section */

/* Begin PBXGroup section */
		694117C11913750F00BB2A7F = {
			isa = PBXGroup;
			children = (
				694117D31913750F00BB2A7F /* ToggleAirplane */,
				694117F21913750F00BB2A7F /* ToggleAirplaneTests */,
				694117CC1913750F00BB2A7F /* Frameworks */,
				694117CB1913750F00BB2A7F /* Products */,
			);
			sourceTree = "<group>";
		};
		694117CB1913750F00BB2A7F /* Products */ = {
			isa = PBXGroup;
			children = (
				694117CA1913750F00BB2A7F /* ToggleAirplane.app */,
				694117EB1913750F00BB2A7F /* ToggleAirplaneTests.xctest */,
			);
			name = Products;
			sourceTree = "<group>";
		};
		694117CC1913750F00BB2A7F /* Frameworks */ = {
			isa = PBXGroup;
			children = (
				694117CD1913750F00BB2A7F /* Foundation.framework */,
				694117CF1913750F00BB2A7F /* CoreGraphics.framework */,
				694117D11913750F00BB2A7F /* UIKit.framework */,
				694117EC1913750F00BB2A7F /* XCTest.framework */,
			);
			name = Frameworks;
			sourceTree = "<group>";
		};
		694117D31913750F00BB2A7F /* ToggleAirplane */ = {
			isa = PBXGroup;
			children = (
				694117DC1913750F00BB2A7F /* AppDelegate.h */,
				694117DD1913750F00BB2A7F /* AppDelegate.m */,
				694117DF1913750F00BB2A7F /* Main.storyboard */,
				694117E21913750F00BB2A7F /* ViewController.h */,
				694117E31913750F00BB2A7F /* ViewController.m */,
				694117E51913750F00BB2A7F /* Images.xcassets */,
				694117D41913750F00BB2A7F /* Supporting Files */,
			);
			path = ToggleAirplane;
			sourceTree = "<group>";
		};
		694117D41913750F00BB2A7F /* Supporting Files */ = {
			isa = PBXGroup;
			children = (
				694117D51913750F00BB2A7F /* ToggleAirplane-Info.plist */,
				694117D61913750F00BB2A7F /* InfoPlist.strings */,
				694117D91913750F00BB2A7F /* main.m */,
				694117DB1913750F00BB2A7F /* ToggleAirplane-Prefix.pch */,
			);
			name = "Supporting Files";
			sourceTree = "<group>";
		};
		694117F21913750F00BB2A7F /* ToggleAirplaneTests */ = {
			isa = PBXGroup;
			children = (
				694117F81913750F00BB2A7F /* ToggleAirplaneTests.m */,
				694117F31913750F00BB2A7F /* Supporting Files */,
			);
			path = ToggleAirplaneTests;
			sourceTree = "<group>";
		};
		694117F31913750F00BB2A7F /* Supporting Files */ = {
			isa = PBXGroup;
			children = (
				694117F41913750F00BB2A7F /* ToggleAirplaneTests-Info.plist */,
				694117F51913750F00BB2A7F /* InfoPlist.strings */,
			);
			name = "Supporting Files";
			sourceTree = "<group>";
		};
/* End PBXGroup section */

/* Begin PBXNativeTarget section */
		694117C91913750F00BB2A7F /* ToggleAirplane */ = {
			isa = PBXNativeTarget;
			buildConfigurationList = 694117FC1913750F00BB2A7F /* Build configuration list for PBXNativeTarget "ToggleAirplane" */;
			buildPhases = (
				694117C61913750F00BB2A7F /* Sources */,
				694117C71913750F00BB2A7F /* Frameworks */,
				694117C81913750F00BB2A7F /* Resources */,
			);
			buildRules = (
			);
			dependencies = (
			);
			name = ToggleAirplane;
			productName = ToggleAirplane;
			productReference = 694117CA1913750F00BB2A7F /* ToggleAirplane.app */;
			productType = "com.apple.product-type.application";
		};
		694117EA1913750F00BB2A7F /* ToggleAirplaneTests */ = {
			isa = PBXNativeTarget;
			buildConfigurationList = 694117FF1913750F00BB2A7F /* Build configuration list for PBXNativeTarget "ToggleAirplaneTests" */;
			buildPhases = (
				694117E71913750F00BB2A7F /* Sources */,
				694117E81913750F00BB2A7F /* Frameworks */,
				694117E91913750F00BB2A7F /* Resources */,
			);
			buildRules = (
			);
			dependencies = (
				694117F11913750F00BB2A7F /* PBXTargetDependency */,
			);
			name = ToggleAirplaneTests;
			productName = ToggleAirplaneTests;
			productReference = 694117EB1913750F00BB2A7F /* ToggleAirplaneTests.xctest */;
			productType = "com.apple.product-type.bundle.unit-test";
		};
/* End PBXNativeTarget section */

/* Begin PBXProject section */
		694117C21913750F00BB2A7F /* Project object */ = {
			isa = PBXProject;
			attributes = {
				LastUpgradeCheck = 0510;
				ORGANIZATIONNAME = "Shashank Patel";
				TargetAttributes = {
					694117EA1913750F00BB2A7F = {
						TestTargetID = 694117C91913750F00BB2A7F;
					};
				};
			};
			buildConfigurationList = 694117C51913750F00BB2A7F /* Build configuration list for PBXProject "ToggleAirplane" */;
			compatibilityVersion = "Xcode 3.2";
			developmentRegion = English;
			hasScannedForEncodings = 0;
			knownRegions = (
				en,
				Base,
			);
			mainGroup = 694117C11913750F00BB2A7F;
			productRefGroup = 694117CB1913750F00BB2A7F /* Products */;
			projectDirPath = "";
			projectRoot = "";
			targets = (
				694117C91913750F00BB2A7F /* ToggleAirplane */,
				694117EA1913750F00BB2A7F /* ToggleAirplaneTests */,
			);
		};
/* End PBXProject section */

/* Begin PBXResourcesBuildPhase section */
		694117C81913750F00BB2A7F /* Resources */ = {
			isa = PBXResourcesBuildPhase;
			buildActionMask = 2147483647;
			files = (
				694117E61913750F00BB2A7F /* Images.xcassets in Resources */,
				694117D81913750F00BB2A7F /* InfoPlist.strings in Resources */,
				694117E11913750F00BB2A7F /* Main.storyboard in Resources */,
			);
			runOnlyForDeploymentPostprocessing = 0;
		};
		694117E91913750F00BB2A7F /* Resources */ = {
			isa = PBXResourcesBuildPhase;
			buildActionMask = 2147483647;
			files = (
				694117F71913750F00BB2A7F /* InfoPlist.strings in Resources */,
			);
			runOnlyForDeploymentPostprocessing = 0;
		};
/* End PBXResourcesBuildPhase section */

/* Begin PBXSourcesBuildPhase section */
		694117C61913750F00BB2A7F /* Sources */ = {
			isa = PBXSourcesBuildPhase;
			buildActionMask = 2147483647;
			files = (
				694117E41913750F00BB2A7F /* ViewController.m in Sources */,
				694117DE1913750F00BB2A7F /* AppDelegate.m in Sources */,
				694117DA1913750F00BB2A7F /* main.m in Sources */,
			);
			runOnlyForDeploymentPostprocessing = 0;
		};
		694117E71913750F00BB2A7F /* Sources */ = {
			isa = PBXSourcesBuildPhase;
			buildActionMask = 2147483647;
			files = (
				694117F91913750F00BB2A7F /* ToggleAirplaneTests.m in Sources */,
			);
			runOnlyForDeploymentPostprocessing = 0;
		};
/* End PBXSourcesBuildPhase section */

/* Begin PBXTargetDependency section */
		694117F11913750F00BB2A7F /* PBXTargetDependency */ = {
			isa = PBXTargetDependency;
			target = 694117C91913750F00BB2A7F /* ToggleAirplane */;
			targetProxy = 694117F01913750F00BB2A7F /* PBXContainerItemProxy */;
		};
/* End PBXTargetDependency section */

/* Begin PBXVariantGroup section */
		694117D61913750F00BB2A7F /* InfoPlist.strings */ = {
			isa = PBXVariantGroup;
			children = (
				694117D71913750F00BB2A7F /* en */,
			);
			name = InfoPlist.strings;
			sourceTree = "<group>";
		};
		694117DF1913750F00BB2A7F /* Main.storyboard */ = {
			isa = PBXVariantGroup;
			children = (
				694117E01913750F00BB2A7F /* Base */,
			);
			name = Main.storyboard;
			sourceTree = "<group>";
		};
		694117F51913750F00BB2A7F /* InfoPlist.strings */ = {
			isa = PBXVariantGroup;
			children = (
				694117F61913750F00BB2A7F /* en */,
			);
			name = InfoPlist.strings;
			sourceTree = "<group>";
		};
/* End PBXVariantGroup section */

/* Begin XCBuildConfiguration section */
		694117FA1913750F00BB2A7F /* Debug */ = {
			isa = XCBuildConfiguration;
			buildSettings = {
				ALWAYS_SEARCH_USER_PATHS = NO;
				CLANG_CXX_LANGUAGE_STANDARD = "gnu++0x";
				CLANG_CXX_LIBRARY = "libc++";
				CLANG_ENABLE_MODULES = YES;
				CLANG_ENABLE_OBJC_ARC = YES;
				CLANG_WARN_BOOL_CONVERSION = YES;
				CLANG_WARN_CONSTANT_CONVERSION = YES;
				CLANG_WARN_DIRECT_OBJC_ISA_USAGE = YES_ERROR;
				CLANG_WARN_EMPTY_BODY = YES;
				CLANG_WARN_ENUM_CONVERSION = YES;
				CLANG_WARN_INT_CONVERSION = YES;
				CLANG_WARN_OBJC_ROOT_CLASS = YES_ERROR;
				CLANG_WARN__DUPLICATE_METHOD_MATCH = YES;
				"CODE_SIGN_IDENTITY[sdk=iphoneos*]" = "iPhone Developer";
				COPY_PHASE_STRIP = NO;
				GCC_C_LANGUAGE_STANDARD = gnu99;
				GCC_DYNAMIC_NO_PIC = NO;
				GCC_OPTIMIZATION_LEVEL = 0;
				GCC_PREPROCESSOR_DEFINITIONS = (
					"DEBUG=1",
					"$(inherited)",
				);
				GCC_SYMBOLS_PRIVATE_EXTERN = NO;
				GCC_WARN_64_TO_32_BIT_CONVERSION = YES;
				GCC_WARN_ABOUT_RETURN_TYPE = YES_ERROR;
				GCC_WARN_UNDECLARED_SELECTOR = YES;
				GCC_WARN_UNINITIALIZED_AUTOS = YES_AGGRESSIVE;
				GCC_WARN_UNUSED_FUNCTION = YES;
				GCC_WARN_UNUSED_VARIABLE = YES;
				IPHONEOS_DEPLOYMENT_TARGET = 7.1;
				ONLY_ACTIVE_ARCH = YES;
				SDKROOT = iphoneos;
			};
			name = Debug;
		};
		694117FB1913750F00BB2A7F /* Release */ = {
			isa = XCBuildConfiguration;
			buildSettings = {
				ALWAYS_SEARCH_USER_PATHS = NO;
				CLANG_CXX_LANGUAGE_STANDARD = "gnu++0x";
				CLANG_CXX_LIBRARY = "libc++";
				CLANG_ENABLE_MODULES = YES;
				CLANG_ENABLE_OBJC_ARC = YES;
				CLANG_WARN_BOOL_CONVERSION = YES;
				CLANG_WARN_CONSTANT_CONVERSION = YES;
				CLANG_WARN_DIRECT_OBJC_ISA_USAGE = YES_ERROR;
				CLANG_WARN_EMPTY_BODY = YES;
				CLANG_WARN_ENUM_CONVERSION = YES;
				CLANG_WARN_INT_CONVERSION = YES;
				CLANG_WARN_OBJC_ROOT_CLASS = YES_ERROR;
				CLANG_WARN__DUPLICATE_METHOD_MATCH = YES;
				"CODE_SIGN_IDENTITY[sdk=iphoneos*]" = "iPhone Developer";
				COPY_PHASE_STRIP = YES;
				ENABLE_NS_ASSERTIONS = NO;
				GCC_C_LANGUAGE_STANDARD = gnu99;
				GCC_WARN_64_TO_32_BIT_CONVERSION = YES;
				GCC_WARN_ABOUT_RETURN_TYPE = YES_ERROR;
				GCC_WARN_UNDECLARED_SELECTOR = YES;
				GCC_WARN_UNINITIALIZED_AUTOS = YES_AGGRESSIVE;
				GCC_WARN_UNUSED_FUNCTION = YES;
				GCC_WARN_UNUSED_VARIABLE = YES;
				IPHONEOS_DEPLOYMENT_TARGET = 7.1;
				SDKROOT = iphoneos;
				VALIDATE_PRODUCT = YES;
			};
			name = Release;
		};
		694117FD1913750F00BB2A7F /* Debug */ = {
			isa = XCBuildConfiguration;
			buildSettings = {
				ASSETCATALOG_COMPILER_APPICON_NAME = AppIcon;
				ASSETCATALOG_COMPILER_LAUNCHIMAGE_NAME = LaunchImage;
				GCC_PRECOMPILE_PREFIX_HEADER = YES;
				GCC_PREFIX_HEADER = "ToggleAirplane/ToggleAirplane-Prefix.pch";
				INFOPLIST_FILE = "ToggleAirplane/ToggleAirplane-Info.plist";
				PRODUCT_NAME = "$(TARGET_NAME)";
				WRAPPER_EXTENSION = app;
			};
			name = Debug;
		};
		694117FE1913750F00BB2A7F /* Release */ = {
			isa = XCBuildConfiguration;
			buildSettings = {
				ASSETCATALOG_COMPILER_APPICON_NAME = AppIcon;
				ASSETCATALOG_COMPILER_LAUNCHIMAGE_NAME = LaunchImage;
				GCC_PRECOMPILE_PREFIX_HEADER = YES;
				GCC_PREFIX_HEADER = "ToggleAirplane/ToggleAirplane-Prefix.pch";
				INFOPLIST_FILE = "ToggleAirplane/ToggleAirplane-Info.plist";
				PRODUCT_NAME = "$(TARGET_NAME)";
				WRAPPER_EXTENSION = app;
			};
			name = Release;
		};
		694118001913750F00BB2A7F /* Debug */ = {
			isa = XCBuildConfiguration;
			buildSettings = {
				BUNDLE_LOADER = "$(BUILT_PRODUCTS_DIR)/ToggleAirplane.app/ToggleAirplane";
				FRAMEWORK_SEARCH_PATHS = (
					"$(SDKROOT)/Developer/Library/Frameworks",
					"$(inherited)",
					"$(DEVELOPER_FRAMEWORKS_DIR)",
				);
				GCC_PRECOMPILE_PREFIX_HEADER = YES;
				GCC_PREFIX_HEADER = "ToggleAirplane/ToggleAirplane-Prefix.pch";
				GCC_PREPROCESSOR_DEFINITIONS = (
					"DEBUG=1",
					"$(inherited)",
				);
				INFOPLIST_FILE = "ToggleAirplaneTests/ToggleAirplaneTests-Info.plist";
				PRODUCT_NAME = "$(TARGET_NAME)";
				TEST_HOST = "$(BUNDLE_LOADER)";
				WRAPPER_EXTENSION = xctest;
			};
			name = Debug;
		};
		694118011913750F00BB2A7F /* Release */ = {
			isa = XCBuildConfiguration;
			buildSettings = {
				BUNDLE_LOADER = "$(BUILT_PRODUCTS_DIR)/ToggleAirplane.app/ToggleAirplane";
				FRAMEWORK_SEARCH_PATHS = (
					"$(SDKROOT)/Developer/Library/Frameworks",
					"$(inherited)",
					"$(DEVELOPER_FRAMEWORKS_DIR)",
				);
				GCC_PRECOMPILE_PREFIX_HEADER = YES;
				GCC_PREFIX_HEADER = "ToggleAirplane/ToggleAirplane-Prefix.pch";
				INFOPLIST_FILE = "ToggleAirplaneTests/ToggleAirplaneTests-Info.plist";
				PRODUCT_NAME = "$(TARGET_NAME)";
				TEST_HOST = "$(BUNDLE_LOADER)";
				WRAPPER_EXTENSION = xctest;
			};
			name = Release;
		};
/* End XCBuildConfiguration section */

/* Begin XCConfigurationList section */
		694117C51913750F00BB2A7F /* Build configuration list for PBXProject "ToggleAirplane" */ = {
			isa = XCConfigurationList;
			buildConfigurations = (
				694117FA1913750F00BB2A7F /* Debug */,
				694117FB1913750F00BB2A7F /* Release */,
			);
			defaultConfigurationIsVisible = 0;
			defaultConfigurationName = Release;
		};
		694117FC1913750F00BB2A7F /* Build configuration list for PBXNativeTarget "ToggleAirplane" */ = {
			isa = XCConfigurationList;
			buildConfigurations = (
				694117FD1913750F00BB2A7F /* Debug */,
				694117FE1913750F00BB2A7F /* Release */,
			);
			defaultConfigurationIsVisible = 0;
		};
		694117FF1913750F00BB2A7F /* Build configuration list for PBXNativeTarget "ToggleAirplaneTests" */ = {
			isa = XCConfigurationList;
			buildConfigurations = (
				694118001913750F00BB2A7F /* Debug */,
				694118011913750F00BB2A7F /* Release */,
			);
			defaultConfigurationIsVisible = 0;
		};
/* End XCConfigurationList section */
	};
	rootObject = 694117C21913750F00BB2A7F /* Project object */;
}
